
Microsoft Visual Studio Solution File, Format Version 12.00
# Visual Studio 15
VisualStudioVersion = 15.0.28307.136
MinimumVisualStudioVersion = 10.0.40219.1
Project("{9A19103F-16F7-4668-BE54-9A1E7A4F7556}") = "alexa-bedtime.function", "alexa-bedtime.function\alexa-bedtime.function.csproj", "{F548686F-BA49-46CE-91A5-9EA91691CB61}"
EndProject
Project("{2150E333-8FDC-42A3-9474-1A3956D46DE8}") = "Tests (Unit)", "Tests (Unit)", "{5120C9D5-E8AD-4685-A5D1-1C8CE0B67E6B}"
EndProject
Project("{FAE04EC0-301F-11D3-BF4B-00C04F79EFBC}") = "alexa-bedtime.tests", "alexa-bedtime.tests\alexa-bedtime.tests.csproj", "{98CDC29F-1891-4318-ACCF-F5672E9063EF}"
EndProject
Global
	GlobalSection(SolutionConfigurationPlatforms) = preSolution
		Debug|Any CPU = Debug|Any CPU
		Release|Any CPU = Release|Any CPU
	EndGlobalSection
	GlobalSection(ProjectConfigurationPlatforms) = postSolution
		{F548686F-BA49-46CE-91A5-9EA91691CB61}.Debug|Any CPU.ActiveCfg = Debug|Any CPU
		{F548686F-BA49-46CE-91A5-9EA91691CB61}.Debug|Any CPU.Build.0 = Debug|Any CPU
		{F548686F-BA49-46CE-91A5-9EA91691CB61}.Release|Any CPU.ActiveCfg = Release|Any CPU
		{F548686F-BA49-46CE-91A5-9EA91691CB61}.Release|Any CPU.Build.0 = Release|Any CPU
		{98CDC29F-1891-4318-ACCF-F5672E9063EF}.Debug|Any CPU.ActiveCfg = Debug|Any CPU
		{98CDC29F-1891-4318-ACCF-F5672E9063EF}.Debug|Any CPU.Build.0 = Debug|Any CPU
		{98CDC29F-1891-4318-ACCF-F5672E9063EF}.Release|Any CPU.ActiveCfg = Release|Any CPU
		{98CDC29F-1891-4318-ACCF-F5672E9063EF}.Release|Any CPU.Build.0 = Release|Any CPU
	EndGlobalSection
	GlobalSection(SolutionProperties) = preSolution
		HideSolutionNode = FALSE
	EndGlobalSection
	GlobalSection(NestedProjects) = preSolution
		{98CDC29F-1891-4318-ACCF-F5672E9063EF} = {5120C9D5-E8AD-4685-A5D1-1C8CE0B67E6B}
	EndGlobalSection
	GlobalSection(ExtensibilityGlobals) = postSolution
		SolutionGuid = {E2285255-2EAB-4A8A-B3CF-65DDE27D8A1B}
	EndGlobalSection
EndGlobal
